
Microsoft Visual Studio Solution File, Format Version 12.00
# Visual Studio Version 16
VisualStudioVersion = 16.0.31911.196
MinimumVisualStudioVersion = 10.0.40219.1
Project("{FAE04EC0-301F-11D3-BF4B-00C04F79EFBC}") = "WebApp", "WebApp\WebApp.csproj", "{2F00EF47-59F1-4511-ABAF-ECCB6BE53C62}"
EndProject
Global
	GlobalSection(SolutionConfigurationPlatforms) = preSolution
		Debug|Any CPU = Debug|Any CPU
		Release|Any CPU = Release|Any CPU
	EndGlobalSection
	GlobalSection(ProjectConfigurationPlatforms) = postSolution
		{2F00EF47-59F1-4511-ABAF-ECCB6BE53C62}.Debug|Any CPU.ActiveCfg = Debug|Any CPU
		{2F00EF47-59F1-4511-ABAF-ECCB6BE53C62}.Debug|Any CPU.Build.0 = Debug|Any CPU
		{2F00EF47-59F1-4511-ABAF-ECCB6BE53C62}.Release|Any CPU.ActiveCfg = Release|Any CPU
		{2F00EF47-59F1-4511-ABAF-ECCB6BE53C62}.Release|Any CPU.Build.0 = Release|Any CPU
	EndGlobalSection
	GlobalSection(SolutionProperties) = preSolution
		HideSolutionNode = FALSE
	EndGlobalSection
	GlobalSection(ExtensibilityGlobals) = postSolution
		SolutionGuid = {95167E81-2F96-4E57-978B-9A3ABB6693D1}
	EndGlobalSection
EndGlobal
